// !$*UTF8*$!
{
	archiveVersion = 1;
	classes = {
	};
	objectVersion = 51;
	objects = {

/* Begin PBXBuildFile section */
		29A3B55925E4705E009CBF15 /* AppDelegate.swift in Sources */ = {isa = PBXBuildFile; fileRef = 29A3B55825E4705E009CBF15 /* AppDelegate.swift */; };
		29A3B55B25E4705E009CBF15 /* SceneDelegate.swift in Sources */ = {isa = PBXBuildFile; fileRef = 29A3B55A25E4705E009CBF15 /* SceneDelegate.swift */; };
		29A3B55D25E4705E009CBF15 /* ViewController.swift in Sources */ = {isa = PBXBuildFile; fileRef = 29A3B55C25E4705E009CBF15 /* ViewController.swift */; };
		29A3B56025E4705E009CBF15 /* Main.storyboard in Resources */ = {isa = PBXBuildFile; fileRef = 29A3B55E25E4705E009CBF15 /* Main.storyboard */; };
		29A3B56225E4705F009CBF15 /* Assets.xcassets in Resources */ = {isa = PBXBuildFile; fileRef = 29A3B56125E4705F009CBF15 /* Assets.xcassets */; };
		29A3B56525E4705F009CBF15 /* LaunchScreen.storyboard in Resources */ = {isa = PBXBuildFile; fileRef = 29A3B56325E4705F009CBF15 /* LaunchScreen.storyboard */; };
		29A3B58725E475EA009CBF15 /* figure4-1.jpg in Resources */ = {isa = PBXBuildFile; fileRef = 29A3B58625E475EA009CBF15 /* figure4-1.jpg */; };
		E6325AF728F3F30672275FAF /* Pods_Chapter6ImageLabelling.framework in Frameworks */ = {isa = PBXBuildFile; fileRef = 3995476015EAD0137F05F1E5 /* Pods_Chapter6ImageLabelling.framework */; };
/* End PBXBuildFile section */

/* Begin PBXFileReference section */
		2317348FB4ED987DCC0F2DBE /* Pods-Chapter6ImageLabelling.release.xcconfig */ = {isa = PBXFileReference; includeInIndex = 1; lastKnownFileType = text.xcconfig; name = "Pods-Chapter6ImageLabelling.release.xcconfig"; path = "Target Support Files/Pods-Chapter6ImageLabelling/Pods-Chapter6ImageLabelling.release.xcconfig"; sourceTree = "<group>"; };
		29A3B55525E4705E009CBF15 /* Chapter6ImageLabelling.app */ = {isa = PBXFileReference; explicitFileType = wrapper.application; includeInIndex = 0; path = Chapter6ImageLabelling.app; sourceTree = BUILT_PRODUCTS_DIR; };
		29A3B55825E4705E009CBF15 /* AppDelegate.swift */ = {isa = PBXFileReference; lastKnownFileType = sourcecode.swift; path = AppDelegate.swift; sourceTree = "<group>"; };
		29A3B55A25E4705E009CBF15 /* SceneDelegate.swift */ = {isa = PBXFileReference; lastKnownFileType = sourcecode.swift; path = SceneDelegate.swift; sourceTree = "<group>"; };
		29A3B55C25E4705E009CBF15 /* ViewController.swift */ = {isa = PBXFileReference; lastKnownFileType = sourcecode.swift; path = ViewController.swift; sourceTree = "<group>"; };
		29A3B55F25E4705E009CBF15 /* Base */ = {isa = PBXFileReference; lastKnownFileType = file.storyboard; name = Base; path = Base.lproj/Main.storyboard; sourceTree = "<group>"; };
		29A3B56125E4705F009CBF15 /* Assets.xcassets */ = {isa = PBXFileReference; lastKnownFileType = folder.assetcatalog; path = Assets.xcassets; sourceTree = "<group>"; };
		29A3B56425E4705F009CBF15 /* Base */ = {isa = PBXFileReference; lastKnownFileType = file.storyboard; name = Base; path = Base.lproj/LaunchScreen.storyboard; sourceTree = "<group>"; };
		29A3B56625E4705F009CBF15 /* Info.plist */ = {isa = PBXFileReference; lastKnownFileType = text.plist.xml; path = Info.plist; sourceTree = "<group>"; };
		29A3B58625E475EA009CBF15 /* figure4-1.jpg */ = {isa = PBXFileReference; lastKnownFileType = image.jpeg; path = "figure4-1.jpg"; sourceTree = "<group>"; };
		3995476015EAD0137F05F1E5 /* Pods_Chapter6ImageLabelling.framework */ = {isa = PBXFileReference; explicitFileType = wrapper.framework; includeInIndex = 0; path = Pods_Chapter6ImageLabelling.framework; sourceTree = BUILT_PRODUCTS_DIR; };
		92D486EA55FA6AEE1E68B175 /* Pods-Chapter6ImageLabelling.debug.xcconfig */ = {isa = PBXFileReference; includeInIndex = 1; lastKnownFileType = text.xcconfig; name = "Pods-Chapter6ImageLabelling.debug.xcconfig"; path = "Target Support Files/Pods-Chapter6ImageLabelling/Pods-Chapter6ImageLabelling.debug.xcconfig"; sourceTree = "<group>"; };
/* End PBXFileReference section */

/* Begin PBXFrameworksBuildPhase section */
		29A3B55225E4705E009CBF15 /* Frameworks */ = {
			isa = PBXFrameworksBuildPhase;
			buildActionMask = 2147483647;
			files = (
				E6325AF728F3F30672275FAF /* Pods_Chapter6ImageLabelling.framework in Frameworks */,
			);
			runOnlyForDeploymentPostprocessing = 0;
		};
/* End PBXFrameworksBuildPhase section */

/* Begin PBXGroup section */
		29A3B54C25E4705E009CBF15 = {
			isa = PBXGroup;
			children = (
				29A3B58625E475EA009CBF15 /* figure4-1.jpg */,
				29A3B55725E4705E009CBF15 /* Chapter6ImageLabelling */,
				29A3B55625E4705E009CBF15 /* Products */,
				7222585445549415C8199EFF /* Pods */,
				D525C3DDF529B0E346517C96 /* Frameworks */,
			);
			sourceTree = "<group>";
		};
		29A3B55625E4705E009CBF15 /* Products */ = {
			isa = PBXGroup;
			children = (
				29A3B55525E4705E009CBF15 /* Chapter6ImageLabelling.app */,
			);
			name = Products;
			sourceTree = "<group>";
		};
		29A3B55725E4705E009CBF15 /* Chapter6ImageLabelling */ = {
			isa = PBXGroup;
			children = (
				29A3B55825E4705E009CBF15 /* AppDelegate.swift */,
				29A3B55A25E4705E009CBF15 /* SceneDelegate.swift */,
				29A3B55C25E4705E009CBF15 /* ViewController.swift */,
				29A3B55E25E4705E009CBF15 /* Main.storyboard */,
				29A3B56125E4705F009CBF15 /* Assets.xcassets */,
				29A3B56325E4705F009CBF15 /* LaunchScreen.storyboard */,
				29A3B56625E4705F009CBF15 /* Info.plist */,
			);
			path = Chapter6ImageLabelling;
			sourceTree = "<group>";
		};
		7222585445549415C8199EFF /* Pods */ = {
			isa = PBXGroup;
			children = (
				92D486EA55FA6AEE1E68B175 /* Pods-Chapter6ImageLabelling.debug.xcconfig */,
				2317348FB4ED987DCC0F2DBE /* Pods-Chapter6ImageLabelling.release.xcconfig */,
			);
			path = Pods;
			sourceTree = "<group>";
		};
		D525C3DDF529B0E346517C96 /* Frameworks */ = {
			isa = PBXGroup;
			children = (
				3995476015EAD0137F05F1E5 /* Pods_Chapter6ImageLabelling.framework */,
			);
			name = Frameworks;
			sourceTree = "<group>";
		};
/* End PBXGroup section */

/* Begin PBXNativeTarget section */
		29A3B55425E4705E009CBF15 /* Chapter6ImageLabelling */ = {
			isa = PBXNativeTarget;
			buildConfigurationList = 29A3B56925E4705F009CBF15 /* Build configuration list for PBXNativeTarget "Chapter6ImageLabelling" */;
			buildPhases = (
				AA88AF87562CE20C03051B46 /* [CP] Check Pods Manifest.lock */,
				29A3B55125E4705E009CBF15 /* Sources */,
				29A3B55225E4705E009CBF15 /* Frameworks */,
				29A3B55325E4705E009CBF15 /* Resources */,
				FB2C5E6CB07C0EF5AA39F9A5 /* [CP] Embed Pods Frameworks */,
				DDE592ECD9908C5B878D9681 /* [CP] Copy Pods Resources */,
			);
			buildRules = (
			);
			dependencies = (
			);
			name = Chapter6ImageLabelling;
			productName = Chapter6ImageLabelling;
			productReference = 29A3B55525E4705E009CBF15 /* Chapter6ImageLabelling.app */;
			productType = "com.apple.product-type.application";
		};
/* End PBXNativeTarget section */

/* Begin PBXProject section */
		29A3B54D25E4705E009CBF15 /* Project object */ = {
			isa = PBXProject;
			attributes = {
				LastSwiftUpdateCheck = 1240;
				LastUpgradeCheck = 1240;
				TargetAttributes = {
					29A3B55425E4705E009CBF15 = {
						CreatedOnToolsVersion = 12.4;
					};
				};
			};
			buildConfigurationList = 29A3B55025E4705E009CBF15 /* Build configuration list for PBXProject "Chapter6ImageLabelling" */;
			compatibilityVersion = "Xcode 9.3";
			developmentRegion = en;
			hasScannedForEncodings = 0;
			knownRegions = (
				en,
				Base,
			);
			mainGroup = 29A3B54C25E4705E009CBF15;
			productRefGroup = 29A3B55625E4705E009CBF15 /* Products */;
			projectDirPath = "";
			projectRoot = "";
			targets = (
				29A3B55425E4705E009CBF15 /* Chapter6ImageLabelling */,
			);
		};
/* End PBXProject section */

/* Begin PBXResourcesBuildPhase section */
		29A3B55325E4705E009CBF15 /* Resources */ = {
			isa = PBXResourcesBuildPhase;
			buildActionMask = 2147483647;
			files = (
				29A3B58725E475EA009CBF15 /* figure4-1.jpg in Resources */,
				29A3B56525E4705F009CBF15 /* LaunchScreen.storyboard in Resources */,
				29A3B56225E4705F009CBF15 /* Assets.xcassets in Resources */,
				29A3B56025E4705E009CBF15 /* Main.storyboard in Resources */,
			);
			runOnlyForDeploymentPostprocessing = 0;
		};
/* End PBXResourcesBuildPhase section */

/* Begin PBXShellScriptBuildPhase section */
		AA88AF87562CE20C03051B46 /* [CP] Check Pods Manifest.lock */ = {
			isa = PBXShellScriptBuildPhase;
			buildActionMask = 2147483647;
			files = (
			);
			inputFileListPaths = (
			);
			inputPaths = (
				"${PODS_PODFILE_DIR_PATH}/Podfile.lock",
				"${PODS_ROOT}/Manifest.lock",
			);
			name = "[CP] Check Pods Manifest.lock";
			outputFileListPaths = (
			);
			outputPaths = (
				"$(DERIVED_FILE_DIR)/Pods-Chapter6ImageLabelling-checkManifestLockResult.txt",
			);
			runOnlyForDeploymentPostprocessing = 0;
			shellPath = /bin/sh;
			shellScript = "diff \"${PODS_PODFILE_DIR_PATH}/Podfile.lock\" \"${PODS_ROOT}/Manifest.lock\" > /dev/null\nif [ $? != 0 ] ; then\n    # print error to STDERR\n    echo \"error: The sandbox is not in sync with the Podfile.lock. Run 'pod install' or update your CocoaPods installation.\" >&2\n    exit 1\nfi\n# This output is used by Xcode 'outputs' to avoid re-running this script phase.\necho \"SUCCESS\" > \"${SCRIPT_OUTPUT_FILE_0}\"\n";
			showEnvVarsInLog = 0;
		};
		DDE592ECD9908C5B878D9681 /* [CP] Copy Pods Resources */ = {
			isa = PBXShellScriptBuildPhase;
			buildActionMask = 2147483647;
			files = (
			);
			inputFileListPaths = (
				"${PODS_ROOT}/Target Support Files/Pods-Chapter6ImageLabelling/Pods-Chapter6ImageLabelling-resources-${CONFIGURATION}-input-files.xcfilelist",
			);
			name = "[CP] Copy Pods Resources";
			outputFileListPaths = (
				"${PODS_ROOT}/Target Support Files/Pods-Chapter6ImageLabelling/Pods-Chapter6ImageLabelling-resources-${CONFIGURATION}-output-files.xcfilelist",
			);
			runOnlyForDeploymentPostprocessing = 0;
			shellPath = /bin/sh;
			shellScript = "\"${PODS_ROOT}/Target Support Files/Pods-Chapter6ImageLabelling/Pods-Chapter6ImageLabelling-resources.sh\"\n";
			showEnvVarsInLog = 0;
		};
		FB2C5E6CB07C0EF5AA39F9A5 /* [CP] Embed Pods Frameworks */ = {
			isa = PBXShellScriptBuildPhase;
			buildActionMask = 2147483647;
			files = (
			);
			inputFileListPaths = (
				"${PODS_ROOT}/Target Support Files/Pods-Chapter6ImageLabelling/Pods-Chapter6ImageLabelling-frameworks-${CONFIGURATION}-input-files.xcfilelist",
			);
			name = "[CP] Embed Pods Frameworks";
			outputFileListPaths = (
				"${PODS_ROOT}/Target Support Files/Pods-Chapter6ImageLabelling/Pods-Chapter6ImageLabelling-frameworks-${CONFIGURATION}-output-files.xcfilelist",
			);
			runOnlyForDeploymentPostprocessing = 0;
			shellPath = /bin/sh;
			shellScript = "\"${PODS_ROOT}/Target Support Files/Pods-Chapter6ImageLabelling/Pods-Chapter6ImageLabelling-frameworks.sh\"\n";
			showEnvVarsInLog = 0;
		};
/* End PBXShellScriptBuildPhase section */

/* Begin PBXSourcesBuildPhase section */
		29A3B55125E4705E009CBF15 /* Sources */ = {
			isa = PBXSourcesBuildPhase;
			buildActionMask = 2147483647;
			files = (
				29A3B55D25E4705E009CBF15 /* ViewController.swift in Sources */,
				29A3B55925E4705E009CBF15 /* AppDelegate.swift in Sources */,
				29A3B55B25E4705E009CBF15 /* SceneDelegate.swift in Sources */,
			);
			runOnlyForDeploymentPostprocessing = 0;
		};
/* End PBXSourcesBuildPhase section */

/* Begin PBXVariantGroup section */
		29A3B55E25E4705E009CBF15 /* Main.storyboard */ = {
			isa = PBXVariantGroup;
			children = (
				29A3B55F25E4705E009CBF15 /* Base */,
			);
			name = Main.storyboard;
			sourceTree = "<group>";
		};
		29A3B56325E4705F009CBF15 /* LaunchScreen.storyboard */ = {
			isa = PBXVariantGroup;
			children = (
				29A3B56425E4705F009CBF15 /* Base */,
			);
			name = LaunchScreen.storyboard;
			sourceTree = "<group>";
		};
/* End PBXVariantGroup section */

/* Begin XCBuildConfiguration section */
		29A3B56725E4705F009CBF15 /* Debug */ = {
			isa = XCBuildConfiguration;
			buildSettings = {
				ALWAYS_SEARCH_USER_PATHS = NO;
				CLANG_ANALYZER_NONNULL = YES;
				CLANG_ANALYZER_NUMBER_OBJECT_CONVERSION = YES_AGGRESSIVE;
				CLANG_CXX_LANGUAGE_STANDARD = "gnu++14";
				CLANG_CXX_LIBRARY = "libc++";
				CLANG_ENABLE_MODULES = YES;
				CLANG_ENABLE_OBJC_ARC = YES;
				CLANG_ENABLE_OBJC_WEAK = YES;
				CLANG_WARN_BLOCK_CAPTURE_AUTORELEASING = YES;
				CLANG_WARN_BOOL_CONVERSION = YES;
				CLANG_WARN_COMMA = YES;
				CLANG_WARN_CONSTANT_CONVERSION = YES;
				CLANG_WARN_DEPRECATED_OBJC_IMPLEMENTATIONS = YES;
				CLANG_WARN_DIRECT_OBJC_ISA_USAGE = YES_ERROR;
				CLANG_WARN_DOCUMENTATION_COMMENTS = YES;
				CLANG_WARN_EMPTY_BODY = YES;
				CLANG_WARN_ENUM_CONVERSION = YES;
				CLANG_WARN_INFINITE_RECURSION = YES;
				CLANG_WARN_INT_CONVERSION = YES;
				CLANG_WARN_NON_LITERAL_NULL_CONVERSION = YES;
				CLANG_WARN_OBJC_IMPLICIT_RETAIN_SELF = YES;
				CLANG_WARN_OBJC_LITERAL_CONVERSION = YES;
				CLANG_WARN_OBJC_ROOT_CLASS = YES_ERROR;
				CLANG_WARN_QUOTED_INCLUDE_IN_FRAMEWORK_HEADER = YES;
				CLANG_WARN_RANGE_LOOP_ANALYSIS = YES;
				CLANG_WARN_STRICT_PROTOTYPES = YES;
				CLANG_WARN_SUSPICIOUS_MOVE = YES;
				CLANG_WARN_UNGUARDED_AVAILABILITY = YES_AGGRESSIVE;
				CLANG_WARN_UNREACHABLE_CODE = YES;
				CLANG_WARN__DUPLICATE_METHOD_MATCH = YES;
				COPY_PHASE_STRIP = NO;
				DEBUG_INFORMATION_FORMAT = dwarf;
				ENABLE_STRICT_OBJC_MSGSEND = YES;
				ENABLE_TESTABILITY = YES;
				GCC_C_LANGUAGE_STANDARD = gnu11;
				GCC_DYNAMIC_NO_PIC = NO;
				GCC_NO_COMMON_BLOCKS = YES;
				GCC_OPTIMIZATION_LEVEL = 0;
				GCC_PREPROCESSOR_DEFINITIONS = (
					"DEBUG=1",
					"$(inherited)",
				);
				GCC_WARN_64_TO_32_BIT_CONVERSION = YES;
				GCC_WARN_ABOUT_RETURN_TYPE = YES_ERROR;
				GCC_WARN_UNDECLARED_SELECTOR = YES;
				GCC_WARN_UNINITIALIZED_AUTOS = YES_AGGRESSIVE;
				GCC_WARN_UNUSED_FUNCTION = YES;
				GCC_WARN_UNUSED_VARIABLE = YES;
				IPHONEOS_DEPLOYMENT_TARGET = 14.4;
				MTL_ENABLE_DEBUG_INFO = INCLUDE_SOURCE;
				MTL_FAST_MATH = YES;
				ONLY_ACTIVE_ARCH = YES;
				SDKROOT = iphoneos;
				SWIFT_ACTIVE_COMPILATION_CONDITIONS = DEBUG;
				SWIFT_OPTIMIZATION_LEVEL = "-Onone";
			};
			name = Debug;
		};
		29A3B56825E4705F009CBF15 /* Release */ = {
			isa = XCBuildConfiguration;
			buildSettings = {
				ALWAYS_SEARCH_USER_PATHS = NO;
				CLANG_ANALYZER_NONNULL = YES;
				CLANG_ANALYZER_NUMBER_OBJECT_CONVERSION = YES_AGGRESSIVE;
				CLANG_CXX_LANGUAGE_STANDARD = "gnu++14";
				CLANG_CXX_LIBRARY = "libc++";
				CLANG_ENABLE_MODULES = YES;
				CLANG_ENABLE_OBJC_ARC = YES;
				CLANG_ENABLE_OBJC_WEAK = YES;
				CLANG_WARN_BLOCK_CAPTURE_AUTORELEASING = YES;
				CLANG_WARN_BOOL_CONVERSION = YES;
				CLANG_WARN_COMMA = YES;
				CLANG_WARN_CONSTANT_CONVERSION = YES;
				CLANG_WARN_DEPRECATED_OBJC_IMPLEMENTATIONS = YES;
				CLANG_WARN_DIRECT_OBJC_ISA_USAGE = YES_ERROR;
				CLANG_WARN_DOCUMENTATION_COMMENTS = YES;
				CLANG_WARN_EMPTY_BODY = YES;
				CLANG_WARN_ENUM_CONVERSION = YES;
				CLANG_WARN_INFINITE_RECURSION = YES;
				CLANG_WARN_INT_CONVERSION = YES;
				CLANG_WARN_NON_LITERAL_NULL_CONVERSION = YES;
				CLANG_WARN_OBJC_IMPLICIT_RETAIN_SELF = YES;
				CLANG_WARN_OBJC_LITERAL_CONVERSION = YES;
				CLANG_WARN_OBJC_ROOT_CLASS = YES_ERROR;
				CLANG_WARN_QUOTED_INCLUDE_IN_FRAMEWORK_HEADER = YES;
				CLANG_WARN_RANGE_LOOP_ANALYSIS = YES;
				CLANG_WARN_STRICT_PROTOTYPES = YES;
				CLANG_WARN_SUSPICIOUS_MOVE = YES;
				CLANG_WARN_UNGUARDED_AVAILABILITY = YES_AGGRESSIVE;
				CLANG_WARN_UNREACHABLE_CODE = YES;
				CLANG_WARN__DUPLICATE_METHOD_MATCH = YES;
				COPY_PHASE_STRIP = NO;
				DEBUG_INFORMATION_FORMAT = "dwarf-with-dsym";
				ENABLE_NS_ASSERTIONS = NO;
				ENABLE_STRICT_OBJC_MSGSEND = YES;
				GCC_C_LANGUAGE_STANDARD = gnu11;
				GCC_NO_COMMON_BLOCKS = YES;
				GCC_WARN_64_TO_32_BIT_CONVERSION = YES;
				GCC_WARN_ABOUT_RETURN_TYPE = YES_ERROR;
				GCC_WARN_UNDECLARED_SELECTOR = YES;
				GCC_WARN_UNINITIALIZED_AUTOS = YES_AGGRESSIVE;
				GCC_WARN_UNUSED_FUNCTION = YES;
				GCC_WARN_UNUSED_VARIABLE = YES;
				IPHONEOS_DEPLOYMENT_TARGET = 14.4;
				MTL_ENABLE_DEBUG_INFO = NO;
				MTL_FAST_MATH = YES;
				SDKROOT = iphoneos;
				SWIFT_COMPILATION_MODE = wholemodule;
				SWIFT_OPTIMIZATION_LEVEL = "-O";
				VALIDATE_PRODUCT = YES;
			};
			name = Release;
		};
		29A3B56A25E4705F009CBF15 /* Debug */ = {
			isa = XCBuildConfiguration;
			baseConfigurationReference = 92D486EA55FA6AEE1E68B175 /* Pods-Chapter6ImageLabelling.debug.xcconfig */;
			buildSettings = {
				ASSETCATALOG_COMPILER_APPICON_NAME = AppIcon;
				ASSETCATALOG_COMPILER_GLOBAL_ACCENT_COLOR_NAME = AccentColor;
				CODE_SIGN_STYLE = Automatic;
				DEVELOPMENT_TEAM = 3SYVH3Y259;
				INFOPLIST_FILE = Chapter6ImageLabelling/Info.plist;
				IPHONEOS_DEPLOYMENT_TARGET = 14.1;
				LD_RUNPATH_SEARCH_PATHS = (
					"$(inherited)",
					"@executable_path/Frameworks",
				);
				PRODUCT_BUNDLE_IDENTIFIER = com.lmoroney.odmlbook.Chapter6ImageLabelling;
				PRODUCT_NAME = "$(TARGET_NAME)";
				SWIFT_VERSION = 5.0;
				TARGETED_DEVICE_FAMILY = "1,2";
			};
			name = Debug;
		};
		29A3B56B25E4705F009CBF15 /* Release */ = {
			isa = XCBuildConfiguration;
			baseConfigurationReference = 2317348FB4ED987DCC0F2DBE /* Pods-Chapter6ImageLabelling.release.xcconfig */;
			buildSettings = {
				ASSETCATALOG_COMPILER_APPICON_NAME = AppIcon;
				ASSETCATALOG_COMPILER_GLOBAL_ACCENT_COLOR_NAME = AccentColor;
				CODE_SIGN_STYLE = Automatic;
				DEVELOPMENT_TEAM = 3SYVH3Y259;
				INFOPLIST_FILE = Chapter6ImageLabelling/Info.plist;
				IPHONEOS_DEPLOYMENT_TARGET = 14.1;
				LD_RUNPATH_SEARCH_PATHS = (
					"$(inherited)",
					"@executable_path/Frameworks",
				);
				PRODUCT_BUNDLE_IDENTIFIER = com.lmoroney.odmlbook.Chapter6ImageLabelling;
				PRODUCT_NAME = "$(TARGET_NAME)";
				SWIFT_VERSION = 5.0;
				TARGETED_DEVICE_FAMILY = "1,2";
			};
			name = Release;
		};
/* End XCBuildConfiguration section */

/* Begin XCConfigurationList section */
		29A3B55025E4705E009CBF15 /* Build configuration list for PBXProject "Chapter6ImageLabelling" */ = {
			isa = XCConfigurationList;
			buildConfigurations = (
				29A3B56725E4705F009CBF15 /* Debug */,
				29A3B56825E4705F009CBF15 /* Release */,
			);
			defaultConfigurationIsVisible = 0;
			defaultConfigurationName = Release;
		};
		29A3B56925E4705F009CBF15 /* Build configuration list for PBXNativeTarget "Chapter6ImageLabelling" */ = {
			isa = XCConfigurationList;
			buildConfigurations = (
				29A3B56A25E4705F009CBF15 /* Debug */,
				29A3B56B25E4705F009CBF15 /* Release */,
			);
			defaultConfigurationIsVisible = 0;
			defaultConfigurationName = Release;
		};
/* End XCConfigurationList section */
	};
	rootObject = 29A3B54D25E4705E009CBF15 /* Project object */;
}
