PODS:
  - GoogleDataTransport (8.0.1):
    - nanopb (~> 2.30906.0)
  - GoogleMLKit/FaceDetection (0.64.0):
    - GoogleMLKit/MLKitCore
    - MLKitFaceDetection (~> 0.64.0)
  - GoogleMLKit/MLKitCore (0.64.0):
    - MLKitCommon (~> 0.64.0)
  - GoogleMLKit/TextRecognition (0.64.0):
    - GoogleMLKit/MLKitCore
    - MLKitTextRecognition (~> 0.64.0)
  - GoogleToolboxForMac/DebugUtils (2.3.0):
    - GoogleToolboxForMac/Defines (= 2.3.0)
  - GoogleToolboxForMac/Defines (2.3.0)
  - GoogleToolboxForMac/Logger (2.3.0):
    - GoogleToolboxForMac/Defines (= 2.3.0)
  - "GoogleToolboxForMac/NSData+zlib (2.3.0)":
    - GoogleToolboxForMac/Defines (= 2.3.0)
  - "GoogleToolboxForMac/NSDictionary+URLArguments (2.3.0)":
    - GoogleToolboxForMac/DebugUtils (= 2.3.0)
    - GoogleToolboxForMac/Defines (= 2.3.0)
    - "GoogleToolboxForMac/NSString+URLArguments (= 2.3.0)"
  - "GoogleToolboxForMac/NSString+URLArguments (2.3.0)"
  - GoogleUtilities/Environment (7.1.1):
    - PromisesObjC (~> 1.2)
  - GoogleUtilities/Logger (7.1.1):
    - GoogleUtilities/Environment
  - GoogleUtilities/UserDefaults (7.1.1):
    - GoogleUtilities/Logger
  - GoogleUtilitiesComponents (1.0.0):
    - GoogleUtilities/Logger
  - GTMSessionFetcher/Core (1.5.0)
  - MLKitCommon (0.64.2):
    - GoogleDataTransport (~> 8.0)
    - GoogleToolboxForMac/Logger (~> 2.1)
    - "GoogleToolboxForMac/NSData+zlib (~> 2.1)"
    - "GoogleToolboxForMac/NSDictionary+URLArguments (~> 2.1)"
    - GoogleUtilities/UserDefaults (~> 7.0)
    - GoogleUtilitiesComponents (~> 1.0)
    - GTMSessionFetcher/Core (~> 1.1)
    - Protobuf (~> 3.12)
  - MLKitFaceDetection (0.64.0):
    - MLKitCommon (~> 0.64)
    - MLKitVision (~> 0.64)
  - MLKitTextRecognition (0.64.0):
    - MLKitCommon (~> 0.64)
    - MLKitVision (~> 0.64)
  - MLKitVision (0.64.0):
    - GoogleToolboxForMac/Logger (~> 2.1)
    - "GoogleToolboxForMac/NSData+zlib (~> 2.1)"
    - GTMSessionFetcher/Core (~> 1.1)
    - MLKitCommon (~> 0.64)
    - Protobuf (~> 3.12)
  - nanopb (2.30906.0):
    - nanopb/decode (= 2.30906.0)
    - nanopb/encode (= 2.30906.0)
  - nanopb/decode (2.30906.0)
  - nanopb/encode (2.30906.0)
  - PromisesObjC (1.2.11)
  - Protobuf (3.13.0)

DEPENDENCIES:
  - GoogleMLKit/FaceDetection
  - GoogleMLKit/TextRecognition

SPEC REPOS:
  trunk:
    - GoogleDataTransport
    - GoogleMLKit
    - GoogleToolboxForMac
    - GoogleUtilities
    - GoogleUtilitiesComponents
    - GTMSessionFetcher
    - MLKitCommon
    - MLKitFaceDetection
    - MLKitTextRecognition
    - MLKitVision
    - nanopb
    - PromisesObjC
    - Protobuf

SPEC CHECKSUMS:
  GoogleDataTransport: e4085e6762f36a6141738f46b0153473ce57fb18
  GoogleMLKit: 3c1f895592d95625eb57b8e66d4f13a5d36f9b49
  GoogleToolboxForMac: 1350d40e86a76f7863928d63bcb0b89c84c521c5
  GoogleUtilities: 3dc4ff0d5e4840e2fa8eef0889620e8c33d4218c
  GoogleUtilitiesComponents: a69c0b3b369ba443e988141e75ef49d9010b1c80
  GTMSessionFetcher: b3503b20a988c4e20cc189aa798fd18220133f52
  MLKitCommon: bc4f9fc68ea0edba2e8cbb16805df924f40b0e38
  MLKitFaceDetection: 502256dbfd3bad005f974dd022bc74a817fcd618
  MLKitTextRecognition: 3ca1c65117899a7538d1f3c012c916ac1483698d
  MLKitVision: bd96ec12ea19d589435523c914766538da259161
  nanopb: 1bf24dd71191072e120b83dd02d08f3da0d65e53
  PromisesObjC: 8c196f5a328c2cba3e74624585467a557dcb482f
  Protobuf: 3dac39b34a08151c6d949560efe3f86134a3f748

PODFILE CHECKSUM: 3527d428a4f0aa4113faa0909e2fe590e3937689

COCOAPODS: 1.10.0
