PODS:
  - GoogleDataTransport (8.4.0):
    - GoogleUtilities/Environment (~> 7.2)
    - nanopb (~> 2.30908.0)
    - PromisesObjC (~> 1.2)
  - GoogleMLKit/MLKitCore (2.1.0):
    - MLKitCommon (~> 2.1.0)
  - GoogleMLKit/ObjectDetection (2.1.0):
    - GoogleMLKit/MLKitCore
    - MLKitObjectDetection (~> 1.2.0)
  - GoogleToolboxForMac/DebugUtils (2.3.1):
    - GoogleToolboxForMac/Defines (= 2.3.1)
  - GoogleToolboxForMac/Defines (2.3.1)
  - GoogleToolboxForMac/Logger (2.3.1):
    - GoogleToolboxForMac/Defines (= 2.3.1)
  - "GoogleToolboxForMac/NSData+zlib (2.3.1)":
    - GoogleToolboxForMac/Defines (= 2.3.1)
  - "GoogleToolboxForMac/NSDictionary+URLArguments (2.3.1)":
    - GoogleToolboxForMac/DebugUtils (= 2.3.1)
    - GoogleToolboxForMac/Defines (= 2.3.1)
    - "GoogleToolboxForMac/NSString+URLArguments (= 2.3.1)"
  - "GoogleToolboxForMac/NSString+URLArguments (2.3.1)"
  - GoogleUtilities/Environment (7.3.1):
    - PromisesObjC (~> 1.2)
  - GoogleUtilities/Logger (7.3.1):
    - GoogleUtilities/Environment
  - GoogleUtilities/UserDefaults (7.3.1):
    - GoogleUtilities/Logger
  - GoogleUtilitiesComponents (1.0.0):
    - GoogleUtilities/Logger
  - GTMSessionFetcher/Core (1.5.0)
  - MLKitCommon (2.1.0):
    - GoogleDataTransport (~> 8.0)
    - GoogleToolboxForMac/Logger (~> 2.1)
    - "GoogleToolboxForMac/NSData+zlib (~> 2.1)"
    - "GoogleToolboxForMac/NSDictionary+URLArguments (~> 2.1)"
    - GoogleUtilities/UserDefaults (~> 7.0)
    - GoogleUtilitiesComponents (~> 1.0)
    - GTMSessionFetcher/Core (~> 1.1)
    - Protobuf (~> 3.12)
  - MLKitImageLabelingCommon (1.2.0):
    - MLKitCommon (~> 2.1)
    - MLKitVision (~> 1.2)
  - MLKitObjectDetection (1.2.0):
    - MLKitCommon (~> 2.1)
    - MLKitObjectDetectionCommon (~> 1.2)
    - MLKitVision (~> 1.2)
    - MLKitVisionKit (~> 2.1)
  - MLKitObjectDetectionCommon (1.2.0):
    - MLKitCommon (~> 2.1)
    - MLKitVision (~> 1.2)
  - MLKitVision (1.2.0):
    - GoogleToolboxForMac/Logger (~> 2.1)
    - "GoogleToolboxForMac/NSData+zlib (~> 2.1)"
    - GTMSessionFetcher/Core (~> 1.1)
    - MLKitCommon (~> 2.1)
    - Protobuf (~> 3.12)
  - MLKitVisionKit (2.1.0):
    - MLKitCommon (~> 2.1)
    - MLKitImageLabelingCommon (~> 1.2)
    - MLKitObjectDetectionCommon (~> 1.2)
    - MLKitVision (~> 1.2)
  - nanopb (2.30908.0):
    - nanopb/decode (= 2.30908.0)
    - nanopb/encode (= 2.30908.0)
  - nanopb/decode (2.30908.0)
  - nanopb/encode (2.30908.0)
  - PromisesObjC (1.2.12)
  - Protobuf (3.15.8)

DEPENDENCIES:
  - GoogleMLKit/ObjectDetection

SPEC REPOS:
  trunk:
    - GoogleDataTransport
    - GoogleMLKit
    - GoogleToolboxForMac
    - GoogleUtilities
    - GoogleUtilitiesComponents
    - GTMSessionFetcher
    - MLKitCommon
    - MLKitImageLabelingCommon
    - MLKitObjectDetection
    - MLKitObjectDetectionCommon
    - MLKitVision
    - MLKitVisionKit
    - nanopb
    - PromisesObjC
    - Protobuf

SPEC CHECKSUMS:
  GoogleDataTransport: cd9db2180fcecd8da1b561aea31e3e56cf834aa7
  GoogleMLKit: 6ca2a10de262ee1017b52ac045e8967884ace992
  GoogleToolboxForMac: 471e0c05d39506e50e6398f46fa9a12ae0efeff9
  GoogleUtilities: e1d9ed4e544fc32a93e00e721400cbc3f377200d
  GoogleUtilitiesComponents: a69c0b3b369ba443e988141e75ef49d9010b1c80
  GTMSessionFetcher: b3503b20a988c4e20cc189aa798fd18220133f52
  MLKitCommon: 9ed187a042139d51c0d8bf6a8301bb20b375c576
  MLKitImageLabelingCommon: 621e55f48a1709b886489925edb5939791b66f8c
  MLKitObjectDetection: 41f82c770bf055fe02514fafe13babaf2cf7fc76
  MLKitObjectDetectionCommon: 7b197838c58568d44f34cf2fe874787ab43d63c1
  MLKitVision: 51385878c9100024478971856510f9271ff555b5
  MLKitVisionKit: 92bddf95a91152419cdf3cbf2c2aed43cdf97cc2
  nanopb: a0ba3315591a9ae0a16a309ee504766e90db0c96
  PromisesObjC: 3113f7f76903778cf4a0586bd1ab89329a0b7b97
  Protobuf: adb85cd18a15bd1a777c158af9fd6e612a0e6d69

PODFILE CHECKSUM: 48b3071e26470199f095cf3f7500c2dafbe24633

COCOAPODS: 1.10.0
