// !$*UTF8*$!
{
	archiveVersion = 1;
	classes = {
	};
	objectVersion = 51;
	objects = {

/* Begin PBXBuildFile section */
		2982B17425E7FB1500E25668 /* AppDelegate.swift in Sources */ = {isa = PBXBuildFile; fileRef = 2982B17325E7FB1500E25668 /* AppDelegate.swift */; };
		2982B17625E7FB1500E25668 /* SceneDelegate.swift in Sources */ = {isa = PBXBuildFile; fileRef = 2982B17525E7FB1500E25668 /* SceneDelegate.swift */; };
		2982B17825E7FB1500E25668 /* ViewController.swift in Sources */ = {isa = PBXBuildFile; fileRef = 2982B17725E7FB1500E25668 /* ViewController.swift */; };
		2982B17B25E7FB1500E25668 /* Main.storyboard in Resources */ = {isa = PBXBuildFile; fileRef = 2982B17925E7FB1500E25668 /* Main.storyboard */; };
		2982B17D25E7FB1700E25668 /* Assets.xcassets in Resources */ = {isa = PBXBuildFile; fileRef = 2982B17C25E7FB1700E25668 /* Assets.xcassets */; };
		2982B18025E7FB1700E25668 /* LaunchScreen.storyboard in Resources */ = {isa = PBXBuildFile; fileRef = 2982B17E25E7FB1700E25668 /* LaunchScreen.storyboard */; };
		2982B18925E7FB9200E25668 /* VisionObjectRecognitionViewController.swift in Sources */ = {isa = PBXBuildFile; fileRef = 2982B18825E7FB9200E25668 /* VisionObjectRecognitionViewController.swift */; };
		2982B18D25E7FBCA00E25668 /* LICENSE-FromApple.txt in Resources */ = {isa = PBXBuildFile; fileRef = 2982B18C25E7FBCA00E25668 /* LICENSE-FromApple.txt */; };
		298D6B4A26330F45005D539E /* UIUtilities.swift in Sources */ = {isa = PBXBuildFile; fileRef = 298D6B4926330F45005D539E /* UIUtilities.swift */; };
		51481BFAE96D54B3586BCBF7 /* Pods_Chapter6ObjectsInVideo.framework in Frameworks */ = {isa = PBXBuildFile; fileRef = EC4CF1C120A6F69CA49ABCA6 /* Pods_Chapter6ObjectsInVideo.framework */; };
/* End PBXBuildFile section */

/* Begin PBXFileReference section */
		2982B17025E7FB1500E25668 /* Chapter6ObjectsInVideo.app */ = {isa = PBXFileReference; explicitFileType = wrapper.application; includeInIndex = 0; path = Chapter6ObjectsInVideo.app; sourceTree = BUILT_PRODUCTS_DIR; };
		2982B17325E7FB1500E25668 /* AppDelegate.swift */ = {isa = PBXFileReference; lastKnownFileType = sourcecode.swift; path = AppDelegate.swift; sourceTree = "<group>"; };
		2982B17525E7FB1500E25668 /* SceneDelegate.swift */ = {isa = PBXFileReference; lastKnownFileType = sourcecode.swift; path = SceneDelegate.swift; sourceTree = "<group>"; };
		2982B17725E7FB1500E25668 /* ViewController.swift */ = {isa = PBXFileReference; lastKnownFileType = sourcecode.swift; path = ViewController.swift; sourceTree = "<group>"; };
		2982B17A25E7FB1500E25668 /* Base */ = {isa = PBXFileReference; lastKnownFileType = file.storyboard; name = Base; path = Base.lproj/Main.storyboard; sourceTree = "<group>"; };
		2982B17C25E7FB1700E25668 /* Assets.xcassets */ = {isa = PBXFileReference; lastKnownFileType = folder.assetcatalog; path = Assets.xcassets; sourceTree = "<group>"; };
		2982B17F25E7FB1700E25668 /* Base */ = {isa = PBXFileReference; lastKnownFileType = file.storyboard; name = Base; path = Base.lproj/LaunchScreen.storyboard; sourceTree = "<group>"; };
		2982B18125E7FB1700E25668 /* Info.plist */ = {isa = PBXFileReference; lastKnownFileType = text.plist.xml; path = Info.plist; sourceTree = "<group>"; };
		2982B18825E7FB9200E25668 /* VisionObjectRecognitionViewController.swift */ = {isa = PBXFileReference; fileEncoding = 4; lastKnownFileType = sourcecode.swift; path = VisionObjectRecognitionViewController.swift; sourceTree = "<group>"; };
		2982B18C25E7FBCA00E25668 /* LICENSE-FromApple.txt */ = {isa = PBXFileReference; fileEncoding = 4; lastKnownFileType = text; path = "LICENSE-FromApple.txt"; sourceTree = "<group>"; };
		298D6B4926330F45005D539E /* UIUtilities.swift */ = {isa = PBXFileReference; lastKnownFileType = sourcecode.swift; path = UIUtilities.swift; sourceTree = "<group>"; };
		9E0EF04D1610694FB0D4F7C7 /* Pods-Chapter6ObjectsInVideo.release.xcconfig */ = {isa = PBXFileReference; includeInIndex = 1; lastKnownFileType = text.xcconfig; name = "Pods-Chapter6ObjectsInVideo.release.xcconfig"; path = "Target Support Files/Pods-Chapter6ObjectsInVideo/Pods-Chapter6ObjectsInVideo.release.xcconfig"; sourceTree = "<group>"; };
		D73EE096E357C9E76E8C8A57 /* Pods-Chapter6ObjectsInVideo.debug.xcconfig */ = {isa = PBXFileReference; includeInIndex = 1; lastKnownFileType = text.xcconfig; name = "Pods-Chapter6ObjectsInVideo.debug.xcconfig"; path = "Target Support Files/Pods-Chapter6ObjectsInVideo/Pods-Chapter6ObjectsInVideo.debug.xcconfig"; sourceTree = "<group>"; };
		EC4CF1C120A6F69CA49ABCA6 /* Pods_Chapter6ObjectsInVideo.framework */ = {isa = PBXFileReference; explicitFileType = wrapper.framework; includeInIndex = 0; path = Pods_Chapter6ObjectsInVideo.framework; sourceTree = BUILT_PRODUCTS_DIR; };
/* End PBXFileReference section */

/* Begin PBXFrameworksBuildPhase section */
		2982B16D25E7FB1500E25668 /* Frameworks */ = {
			isa = PBXFrameworksBuildPhase;
			buildActionMask = 2147483647;
			files = (
				51481BFAE96D54B3586BCBF7 /* Pods_Chapter6ObjectsInVideo.framework in Frameworks */,
			);
			runOnlyForDeploymentPostprocessing = 0;
		};
/* End PBXFrameworksBuildPhase section */

/* Begin PBXGroup section */
		2982B16725E7FB1500E25668 = {
			isa = PBXGroup;
			children = (
				2982B17225E7FB1500E25668 /* Chapter6ObjectsInVideo */,
				2982B17125E7FB1500E25668 /* Products */,
				6403821DB2F12574EC0F92E2 /* Pods */,
				D5848FABA3A5356297DB3D5E /* Frameworks */,
			);
			sourceTree = "<group>";
		};
		2982B17125E7FB1500E25668 /* Products */ = {
			isa = PBXGroup;
			children = (
				2982B17025E7FB1500E25668 /* Chapter6ObjectsInVideo.app */,
			);
			name = Products;
			sourceTree = "<group>";
		};
		2982B17225E7FB1500E25668 /* Chapter6ObjectsInVideo */ = {
			isa = PBXGroup;
			children = (
				2982B18B25E7FBBB00E25668 /* License */,
				2982B17325E7FB1500E25668 /* AppDelegate.swift */,
				2982B17525E7FB1500E25668 /* SceneDelegate.swift */,
				2982B17725E7FB1500E25668 /* ViewController.swift */,
				2982B18825E7FB9200E25668 /* VisionObjectRecognitionViewController.swift */,
				2982B17925E7FB1500E25668 /* Main.storyboard */,
				2982B17C25E7FB1700E25668 /* Assets.xcassets */,
				2982B17E25E7FB1700E25668 /* LaunchScreen.storyboard */,
				2982B18125E7FB1700E25668 /* Info.plist */,
				298D6B4926330F45005D539E /* UIUtilities.swift */,
			);
			path = Chapter6ObjectsInVideo;
			sourceTree = "<group>";
		};
		2982B18B25E7FBBB00E25668 /* License */ = {
			isa = PBXGroup;
			children = (
				2982B18C25E7FBCA00E25668 /* LICENSE-FromApple.txt */,
			);
			path = License;
			sourceTree = "<group>";
		};
		6403821DB2F12574EC0F92E2 /* Pods */ = {
			isa = PBXGroup;
			children = (
				D73EE096E357C9E76E8C8A57 /* Pods-Chapter6ObjectsInVideo.debug.xcconfig */,
				9E0EF04D1610694FB0D4F7C7 /* Pods-Chapter6ObjectsInVideo.release.xcconfig */,
			);
			path = Pods;
			sourceTree = "<group>";
		};
		D5848FABA3A5356297DB3D5E /* Frameworks */ = {
			isa = PBXGroup;
			children = (
				EC4CF1C120A6F69CA49ABCA6 /* Pods_Chapter6ObjectsInVideo.framework */,
			);
			name = Frameworks;
			sourceTree = "<group>";
		};
/* End PBXGroup section */

/* Begin PBXNativeTarget section */
		2982B16F25E7FB1500E25668 /* Chapter6ObjectsInVideo */ = {
			isa = PBXNativeTarget;
			buildConfigurationList = 2982B18425E7FB1700E25668 /* Build configuration list for PBXNativeTarget "Chapter6ObjectsInVideo" */;
			buildPhases = (
				591675897092D374426DF2F5 /* [CP] Check Pods Manifest.lock */,
				2982B16C25E7FB1500E25668 /* Sources */,
				2982B16D25E7FB1500E25668 /* Frameworks */,
				2982B16E25E7FB1500E25668 /* Resources */,
				9289F6CBAFAD81825C261863 /* [CP] Embed Pods Frameworks */,
				71F8CB38AEA42C54F68F7722 /* [CP] Copy Pods Resources */,
			);
			buildRules = (
			);
			dependencies = (
			);
			name = Chapter6ObjectsInVideo;
			productName = Chapter6ObjectsInVideo;
			productReference = 2982B17025E7FB1500E25668 /* Chapter6ObjectsInVideo.app */;
			productType = "com.apple.product-type.application";
		};
/* End PBXNativeTarget section */

/* Begin PBXProject section */
		2982B16825E7FB1500E25668 /* Project object */ = {
			isa = PBXProject;
			attributes = {
				LastSwiftUpdateCheck = 1240;
				LastUpgradeCheck = 1240;
				TargetAttributes = {
					2982B16F25E7FB1500E25668 = {
						CreatedOnToolsVersion = 12.4;
					};
				};
			};
			buildConfigurationList = 2982B16B25E7FB1500E25668 /* Build configuration list for PBXProject "Chapter6ObjectsInVideo" */;
			compatibilityVersion = "Xcode 9.3";
			developmentRegion = en;
			hasScannedForEncodings = 0;
			knownRegions = (
				en,
				Base,
			);
			mainGroup = 2982B16725E7FB1500E25668;
			productRefGroup = 2982B17125E7FB1500E25668 /* Products */;
			projectDirPath = "";
			projectRoot = "";
			targets = (
				2982B16F25E7FB1500E25668 /* Chapter6ObjectsInVideo */,
			);
		};
/* End PBXProject section */

/* Begin PBXResourcesBuildPhase section */
		2982B16E25E7FB1500E25668 /* Resources */ = {
			isa = PBXResourcesBuildPhase;
			buildActionMask = 2147483647;
			files = (
				2982B18D25E7FBCA00E25668 /* LICENSE-FromApple.txt in Resources */,
				2982B18025E7FB1700E25668 /* LaunchScreen.storyboard in Resources */,
				2982B17D25E7FB1700E25668 /* Assets.xcassets in Resources */,
				2982B17B25E7FB1500E25668 /* Main.storyboard in Resources */,
			);
			runOnlyForDeploymentPostprocessing = 0;
		};
/* End PBXResourcesBuildPhase section */

/* Begin PBXShellScriptBuildPhase section */
		591675897092D374426DF2F5 /* [CP] Check Pods Manifest.lock */ = {
			isa = PBXShellScriptBuildPhase;
			buildActionMask = 2147483647;
			files = (
			);
			inputFileListPaths = (
			);
			inputPaths = (
				"${PODS_PODFILE_DIR_PATH}/Podfile.lock",
				"${PODS_ROOT}/Manifest.lock",
			);
			name = "[CP] Check Pods Manifest.lock";
			outputFileListPaths = (
			);
			outputPaths = (
				"$(DERIVED_FILE_DIR)/Pods-Chapter6ObjectsInVideo-checkManifestLockResult.txt",
			);
			runOnlyForDeploymentPostprocessing = 0;
			shellPath = /bin/sh;
			shellScript = "diff \"${PODS_PODFILE_DIR_PATH}/Podfile.lock\" \"${PODS_ROOT}/Manifest.lock\" > /dev/null\nif [ $? != 0 ] ; then\n    # print error to STDERR\n    echo \"error: The sandbox is not in sync with the Podfile.lock. Run 'pod install' or update your CocoaPods installation.\" >&2\n    exit 1\nfi\n# This output is used by Xcode 'outputs' to avoid re-running this script phase.\necho \"SUCCESS\" > \"${SCRIPT_OUTPUT_FILE_0}\"\n";
			showEnvVarsInLog = 0;
		};
		71F8CB38AEA42C54F68F7722 /* [CP] Copy Pods Resources */ = {
			isa = PBXShellScriptBuildPhase;
			buildActionMask = 2147483647;
			files = (
			);
			inputFileListPaths = (
				"${PODS_ROOT}/Target Support Files/Pods-Chapter6ObjectsInVideo/Pods-Chapter6ObjectsInVideo-resources-${CONFIGURATION}-input-files.xcfilelist",
			);
			name = "[CP] Copy Pods Resources";
			outputFileListPaths = (
				"${PODS_ROOT}/Target Support Files/Pods-Chapter6ObjectsInVideo/Pods-Chapter6ObjectsInVideo-resources-${CONFIGURATION}-output-files.xcfilelist",
			);
			runOnlyForDeploymentPostprocessing = 0;
			shellPath = /bin/sh;
			shellScript = "\"${PODS_ROOT}/Target Support Files/Pods-Chapter6ObjectsInVideo/Pods-Chapter6ObjectsInVideo-resources.sh\"\n";
			showEnvVarsInLog = 0;
		};
		9289F6CBAFAD81825C261863 /* [CP] Embed Pods Frameworks */ = {
			isa = PBXShellScriptBuildPhase;
			buildActionMask = 2147483647;
			files = (
			);
			inputFileListPaths = (
				"${PODS_ROOT}/Target Support Files/Pods-Chapter6ObjectsInVideo/Pods-Chapter6ObjectsInVideo-frameworks-${CONFIGURATION}-input-files.xcfilelist",
			);
			name = "[CP] Embed Pods Frameworks";
			outputFileListPaths = (
				"${PODS_ROOT}/Target Support Files/Pods-Chapter6ObjectsInVideo/Pods-Chapter6ObjectsInVideo-frameworks-${CONFIGURATION}-output-files.xcfilelist",
			);
			runOnlyForDeploymentPostprocessing = 0;
			shellPath = /bin/sh;
			shellScript = "\"${PODS_ROOT}/Target Support Files/Pods-Chapter6ObjectsInVideo/Pods-Chapter6ObjectsInVideo-frameworks.sh\"\n";
			showEnvVarsInLog = 0;
		};
/* End PBXShellScriptBuildPhase section */

/* Begin PBXSourcesBuildPhase section */
		2982B16C25E7FB1500E25668 /* Sources */ = {
			isa = PBXSourcesBuildPhase;
			buildActionMask = 2147483647;
			files = (
				2982B17825E7FB1500E25668 /* ViewController.swift in Sources */,
				2982B18925E7FB9200E25668 /* VisionObjectRecognitionViewController.swift in Sources */,
				2982B17425E7FB1500E25668 /* AppDelegate.swift in Sources */,
				2982B17625E7FB1500E25668 /* SceneDelegate.swift in Sources */,
				298D6B4A26330F45005D539E /* UIUtilities.swift in Sources */,
			);
			runOnlyForDeploymentPostprocessing = 0;
		};
/* End PBXSourcesBuildPhase section */

/* Begin PBXVariantGroup section */
		2982B17925E7FB1500E25668 /* Main.storyboard */ = {
			isa = PBXVariantGroup;
			children = (
				2982B17A25E7FB1500E25668 /* Base */,
			);
			name = Main.storyboard;
			sourceTree = "<group>";
		};
		2982B17E25E7FB1700E25668 /* LaunchScreen.storyboard */ = {
			isa = PBXVariantGroup;
			children = (
				2982B17F25E7FB1700E25668 /* Base */,
			);
			name = LaunchScreen.storyboard;
			sourceTree = "<group>";
		};
/* End PBXVariantGroup section */

/* Begin XCBuildConfiguration section */
		2982B18225E7FB1700E25668 /* Debug */ = {
			isa = XCBuildConfiguration;
			buildSettings = {
				ALWAYS_SEARCH_USER_PATHS = NO;
				CLANG_ANALYZER_NONNULL = YES;
				CLANG_ANALYZER_NUMBER_OBJECT_CONVERSION = YES_AGGRESSIVE;
				CLANG_CXX_LANGUAGE_STANDARD = "gnu++14";
				CLANG_CXX_LIBRARY = "libc++";
				CLANG_ENABLE_MODULES = YES;
				CLANG_ENABLE_OBJC_ARC = YES;
				CLANG_ENABLE_OBJC_WEAK = YES;
				CLANG_WARN_BLOCK_CAPTURE_AUTORELEASING = YES;
				CLANG_WARN_BOOL_CONVERSION = YES;
				CLANG_WARN_COMMA = YES;
				CLANG_WARN_CONSTANT_CONVERSION = YES;
				CLANG_WARN_DEPRECATED_OBJC_IMPLEMENTATIONS = YES;
				CLANG_WARN_DIRECT_OBJC_ISA_USAGE = YES_ERROR;
				CLANG_WARN_DOCUMENTATION_COMMENTS = YES;
				CLANG_WARN_EMPTY_BODY = YES;
				CLANG_WARN_ENUM_CONVERSION = YES;
				CLANG_WARN_INFINITE_RECURSION = YES;
				CLANG_WARN_INT_CONVERSION = YES;
				CLANG_WARN_NON_LITERAL_NULL_CONVERSION = YES;
				CLANG_WARN_OBJC_IMPLICIT_RETAIN_SELF = YES;
				CLANG_WARN_OBJC_LITERAL_CONVERSION = YES;
				CLANG_WARN_OBJC_ROOT_CLASS = YES_ERROR;
				CLANG_WARN_QUOTED_INCLUDE_IN_FRAMEWORK_HEADER = YES;
				CLANG_WARN_RANGE_LOOP_ANALYSIS = YES;
				CLANG_WARN_STRICT_PROTOTYPES = YES;
				CLANG_WARN_SUSPICIOUS_MOVE = YES;
				CLANG_WARN_UNGUARDED_AVAILABILITY = YES_AGGRESSIVE;
				CLANG_WARN_UNREACHABLE_CODE = YES;
				CLANG_WARN__DUPLICATE_METHOD_MATCH = YES;
				COPY_PHASE_STRIP = NO;
				DEBUG_INFORMATION_FORMAT = dwarf;
				ENABLE_STRICT_OBJC_MSGSEND = YES;
				ENABLE_TESTABILITY = YES;
				GCC_C_LANGUAGE_STANDARD = gnu11;
				GCC_DYNAMIC_NO_PIC = NO;
				GCC_NO_COMMON_BLOCKS = YES;
				GCC_OPTIMIZATION_LEVEL = 0;
				GCC_PREPROCESSOR_DEFINITIONS = (
					"DEBUG=1",
					"$(inherited)",
				);
				GCC_WARN_64_TO_32_BIT_CONVERSION = YES;
				GCC_WARN_ABOUT_RETURN_TYPE = YES_ERROR;
				GCC_WARN_UNDECLARED_SELECTOR = YES;
				GCC_WARN_UNINITIALIZED_AUTOS = YES_AGGRESSIVE;
				GCC_WARN_UNUSED_FUNCTION = YES;
				GCC_WARN_UNUSED_VARIABLE = YES;
				IPHONEOS_DEPLOYMENT_TARGET = 14.4;
				MTL_ENABLE_DEBUG_INFO = INCLUDE_SOURCE;
				MTL_FAST_MATH = YES;
				ONLY_ACTIVE_ARCH = YES;
				SDKROOT = iphoneos;
				SWIFT_ACTIVE_COMPILATION_CONDITIONS = DEBUG;
				SWIFT_OPTIMIZATION_LEVEL = "-Onone";
			};
			name = Debug;
		};
		2982B18325E7FB1700E25668 /* Release */ = {
			isa = XCBuildConfiguration;
			buildSettings = {
				ALWAYS_SEARCH_USER_PATHS = NO;
				CLANG_ANALYZER_NONNULL = YES;
				CLANG_ANALYZER_NUMBER_OBJECT_CONVERSION = YES_AGGRESSIVE;
				CLANG_CXX_LANGUAGE_STANDARD = "gnu++14";
				CLANG_CXX_LIBRARY = "libc++";
				CLANG_ENABLE_MODULES = YES;
				CLANG_ENABLE_OBJC_ARC = YES;
				CLANG_ENABLE_OBJC_WEAK = YES;
				CLANG_WARN_BLOCK_CAPTURE_AUTORELEASING = YES;
				CLANG_WARN_BOOL_CONVERSION = YES;
				CLANG_WARN_COMMA = YES;
				CLANG_WARN_CONSTANT_CONVERSION = YES;
				CLANG_WARN_DEPRECATED_OBJC_IMPLEMENTATIONS = YES;
				CLANG_WARN_DIRECT_OBJC_ISA_USAGE = YES_ERROR;
				CLANG_WARN_DOCUMENTATION_COMMENTS = YES;
				CLANG_WARN_EMPTY_BODY = YES;
				CLANG_WARN_ENUM_CONVERSION = YES;
				CLANG_WARN_INFINITE_RECURSION = YES;
				CLANG_WARN_INT_CONVERSION = YES;
				CLANG_WARN_NON_LITERAL_NULL_CONVERSION = YES;
				CLANG_WARN_OBJC_IMPLICIT_RETAIN_SELF = YES;
				CLANG_WARN_OBJC_LITERAL_CONVERSION = YES;
				CLANG_WARN_OBJC_ROOT_CLASS = YES_ERROR;
				CLANG_WARN_QUOTED_INCLUDE_IN_FRAMEWORK_HEADER = YES;
				CLANG_WARN_RANGE_LOOP_ANALYSIS = YES;
				CLANG_WARN_STRICT_PROTOTYPES = YES;
				CLANG_WARN_SUSPICIOUS_MOVE = YES;
				CLANG_WARN_UNGUARDED_AVAILABILITY = YES_AGGRESSIVE;
				CLANG_WARN_UNREACHABLE_CODE = YES;
				CLANG_WARN__DUPLICATE_METHOD_MATCH = YES;
				COPY_PHASE_STRIP = NO;
				DEBUG_INFORMATION_FORMAT = "dwarf-with-dsym";
				ENABLE_NS_ASSERTIONS = NO;
				ENABLE_STRICT_OBJC_MSGSEND = YES;
				GCC_C_LANGUAGE_STANDARD = gnu11;
				GCC_NO_COMMON_BLOCKS = YES;
				GCC_WARN_64_TO_32_BIT_CONVERSION = YES;
				GCC_WARN_ABOUT_RETURN_TYPE = YES_ERROR;
				GCC_WARN_UNDECLARED_SELECTOR = YES;
				GCC_WARN_UNINITIALIZED_AUTOS = YES_AGGRESSIVE;
				GCC_WARN_UNUSED_FUNCTION = YES;
				GCC_WARN_UNUSED_VARIABLE = YES;
				IPHONEOS_DEPLOYMENT_TARGET = 14.4;
				MTL_ENABLE_DEBUG_INFO = NO;
				MTL_FAST_MATH = YES;
				SDKROOT = iphoneos;
				SWIFT_COMPILATION_MODE = wholemodule;
				SWIFT_OPTIMIZATION_LEVEL = "-O";
				VALIDATE_PRODUCT = YES;
			};
			name = Release;
		};
		2982B18525E7FB1700E25668 /* Debug */ = {
			isa = XCBuildConfiguration;
			baseConfigurationReference = D73EE096E357C9E76E8C8A57 /* Pods-Chapter6ObjectsInVideo.debug.xcconfig */;
			buildSettings = {
				ASSETCATALOG_COMPILER_APPICON_NAME = AppIcon;
				ASSETCATALOG_COMPILER_GLOBAL_ACCENT_COLOR_NAME = AccentColor;
				CODE_SIGN_STYLE = Automatic;
				DEVELOPMENT_TEAM = 3SYVH3Y259;
				INFOPLIST_FILE = Chapter6ObjectsInVideo/Info.plist;
				IPHONEOS_DEPLOYMENT_TARGET = 14.1;
				LD_RUNPATH_SEARCH_PATHS = (
					"$(inherited)",
					"@executable_path/Frameworks",
				);
				PRODUCT_BUNDLE_IDENTIFIER = com.odmlbook.Chapter6ObjectsInVideo;
				PRODUCT_NAME = "$(TARGET_NAME)";
				SWIFT_VERSION = 5.0;
				TARGETED_DEVICE_FAMILY = "1,2";
			};
			name = Debug;
		};
		2982B18625E7FB1700E25668 /* Release */ = {
			isa = XCBuildConfiguration;
			baseConfigurationReference = 9E0EF04D1610694FB0D4F7C7 /* Pods-Chapter6ObjectsInVideo.release.xcconfig */;
			buildSettings = {
				ASSETCATALOG_COMPILER_APPICON_NAME = AppIcon;
				ASSETCATALOG_COMPILER_GLOBAL_ACCENT_COLOR_NAME = AccentColor;
				CODE_SIGN_STYLE = Automatic;
				DEVELOPMENT_TEAM = 3SYVH3Y259;
				INFOPLIST_FILE = Chapter6ObjectsInVideo/Info.plist;
				IPHONEOS_DEPLOYMENT_TARGET = 14.1;
				LD_RUNPATH_SEARCH_PATHS = (
					"$(inherited)",
					"@executable_path/Frameworks",
				);
				PRODUCT_BUNDLE_IDENTIFIER = com.odmlbook.Chapter6ObjectsInVideo;
				PRODUCT_NAME = "$(TARGET_NAME)";
				SWIFT_VERSION = 5.0;
				TARGETED_DEVICE_FAMILY = "1,2";
			};
			name = Release;
		};
/* End XCBuildConfiguration section */

/* Begin XCConfigurationList section */
		2982B16B25E7FB1500E25668 /* Build configuration list for PBXProject "Chapter6ObjectsInVideo" */ = {
			isa = XCConfigurationList;
			buildConfigurations = (
				2982B18225E7FB1700E25668 /* Debug */,
				2982B18325E7FB1700E25668 /* Release */,
			);
			defaultConfigurationIsVisible = 0;
			defaultConfigurationName = Release;
		};
		2982B18425E7FB1700E25668 /* Build configuration list for PBXNativeTarget "Chapter6ObjectsInVideo" */ = {
			isa = XCConfigurationList;
			buildConfigurations = (
				2982B18525E7FB1700E25668 /* Debug */,
				2982B18625E7FB1700E25668 /* Release */,
			);
			defaultConfigurationIsVisible = 0;
			defaultConfigurationName = Release;
		};
/* End XCConfigurationList section */
	};
	rootObject = 2982B16825E7FB1500E25668 /* Project object */;
}
