// !$*UTF8*$!
{
	archiveVersion = 1;
	classes = {
	};
	objectVersion = 50;
	objects = {

/* Begin PBXBuildFile section */
		2912237125EEA8D400152850 /* AppDelegate.swift in Sources */ = {isa = PBXBuildFile; fileRef = 2912237025EEA8D400152850 /* AppDelegate.swift */; };
		2912237325EEA8D400152850 /* SceneDelegate.swift in Sources */ = {isa = PBXBuildFile; fileRef = 2912237225EEA8D400152850 /* SceneDelegate.swift */; };
		2912237525EEA8D400152850 /* ViewController.swift in Sources */ = {isa = PBXBuildFile; fileRef = 2912237425EEA8D400152850 /* ViewController.swift */; };
		2912237825EEA8D400152850 /* Main.storyboard in Resources */ = {isa = PBXBuildFile; fileRef = 2912237625EEA8D400152850 /* Main.storyboard */; };
		2912237A25EEA8D500152850 /* Assets.xcassets in Resources */ = {isa = PBXBuildFile; fileRef = 2912237925EEA8D500152850 /* Assets.xcassets */; };
		2912237D25EEA8D500152850 /* LaunchScreen.storyboard in Resources */ = {isa = PBXBuildFile; fileRef = 2912237B25EEA8D500152850 /* LaunchScreen.storyboard */; };
		FB20813C3BA401E1FCE40434 /* Pods_MLKitSmartReplyExample.framework in Frameworks */ = {isa = PBXBuildFile; fileRef = 3FE46BCCE8D39F08C6620630 /* Pods_MLKitSmartReplyExample.framework */; };
/* End PBXBuildFile section */

/* Begin PBXFileReference section */
		1335D8FC30DC63271DCEA49E /* Pods-MLKitSmartReplyExample.release.xcconfig */ = {isa = PBXFileReference; includeInIndex = 1; lastKnownFileType = text.xcconfig; name = "Pods-MLKitSmartReplyExample.release.xcconfig"; path = "Target Support Files/Pods-MLKitSmartReplyExample/Pods-MLKitSmartReplyExample.release.xcconfig"; sourceTree = "<group>"; };
		2912236D25EEA8D400152850 /* MLKitSmartReplyExample.app */ = {isa = PBXFileReference; explicitFileType = wrapper.application; includeInIndex = 0; path = MLKitSmartReplyExample.app; sourceTree = BUILT_PRODUCTS_DIR; };
		2912237025EEA8D400152850 /* AppDelegate.swift */ = {isa = PBXFileReference; lastKnownFileType = sourcecode.swift; path = AppDelegate.swift; sourceTree = "<group>"; };
		2912237225EEA8D400152850 /* SceneDelegate.swift */ = {isa = PBXFileReference; lastKnownFileType = sourcecode.swift; path = SceneDelegate.swift; sourceTree = "<group>"; };
		2912237425EEA8D400152850 /* ViewController.swift */ = {isa = PBXFileReference; lastKnownFileType = sourcecode.swift; path = ViewController.swift; sourceTree = "<group>"; };
		2912237725EEA8D400152850 /* Base */ = {isa = PBXFileReference; lastKnownFileType = file.storyboard; name = Base; path = Base.lproj/Main.storyboard; sourceTree = "<group>"; };
		2912237925EEA8D500152850 /* Assets.xcassets */ = {isa = PBXFileReference; lastKnownFileType = folder.assetcatalog; path = Assets.xcassets; sourceTree = "<group>"; };
		2912237C25EEA8D500152850 /* Base */ = {isa = PBXFileReference; lastKnownFileType = file.storyboard; name = Base; path = Base.lproj/LaunchScreen.storyboard; sourceTree = "<group>"; };
		2912237E25EEA8D500152850 /* Info.plist */ = {isa = PBXFileReference; lastKnownFileType = text.plist.xml; path = Info.plist; sourceTree = "<group>"; };
		3FE46BCCE8D39F08C6620630 /* Pods_MLKitSmartReplyExample.framework */ = {isa = PBXFileReference; explicitFileType = wrapper.framework; includeInIndex = 0; path = Pods_MLKitSmartReplyExample.framework; sourceTree = BUILT_PRODUCTS_DIR; };
		FE3662B89756A6BA33C1B47C /* Pods-MLKitSmartReplyExample.debug.xcconfig */ = {isa = PBXFileReference; includeInIndex = 1; lastKnownFileType = text.xcconfig; name = "Pods-MLKitSmartReplyExample.debug.xcconfig"; path = "Target Support Files/Pods-MLKitSmartReplyExample/Pods-MLKitSmartReplyExample.debug.xcconfig"; sourceTree = "<group>"; };
/* End PBXFileReference section */

/* Begin PBXFrameworksBuildPhase section */
		2912236A25EEA8D400152850 /* Frameworks */ = {
			isa = PBXFrameworksBuildPhase;
			buildActionMask = 2147483647;
			files = (
				FB20813C3BA401E1FCE40434 /* Pods_MLKitSmartReplyExample.framework in Frameworks */,
			);
			runOnlyForDeploymentPostprocessing = 0;
		};
/* End PBXFrameworksBuildPhase section */

/* Begin PBXGroup section */
		2912236425EEA8D400152850 = {
			isa = PBXGroup;
			children = (
				2912236F25EEA8D400152850 /* MLKitSmartReplyExample */,
				2912236E25EEA8D400152850 /* Products */,
				ED8D55D9DA1621CFFB494E98 /* Pods */,
				6A77C458515C221A44A2EBBF /* Frameworks */,
			);
			sourceTree = "<group>";
		};
		2912236E25EEA8D400152850 /* Products */ = {
			isa = PBXGroup;
			children = (
				2912236D25EEA8D400152850 /* MLKitSmartReplyExample.app */,
			);
			name = Products;
			sourceTree = "<group>";
		};
		2912236F25EEA8D400152850 /* MLKitSmartReplyExample */ = {
			isa = PBXGroup;
			children = (
				2912237025EEA8D400152850 /* AppDelegate.swift */,
				2912237225EEA8D400152850 /* SceneDelegate.swift */,
				2912237425EEA8D400152850 /* ViewController.swift */,
				2912237625EEA8D400152850 /* Main.storyboard */,
				2912237925EEA8D500152850 /* Assets.xcassets */,
				2912237B25EEA8D500152850 /* LaunchScreen.storyboard */,
				2912237E25EEA8D500152850 /* Info.plist */,
			);
			path = MLKitSmartReplyExample;
			sourceTree = "<group>";
		};
		6A77C458515C221A44A2EBBF /* Frameworks */ = {
			isa = PBXGroup;
			children = (
				3FE46BCCE8D39F08C6620630 /* Pods_MLKitSmartReplyExample.framework */,
			);
			name = Frameworks;
			sourceTree = "<group>";
		};
		ED8D55D9DA1621CFFB494E98 /* Pods */ = {
			isa = PBXGroup;
			children = (
				FE3662B89756A6BA33C1B47C /* Pods-MLKitSmartReplyExample.debug.xcconfig */,
				1335D8FC30DC63271DCEA49E /* Pods-MLKitSmartReplyExample.release.xcconfig */,
			);
			name = Pods;
			path = Pods;
			sourceTree = "<group>";
		};
/* End PBXGroup section */

/* Begin PBXNativeTarget section */
		2912236C25EEA8D400152850 /* MLKitSmartReplyExample */ = {
			isa = PBXNativeTarget;
			buildConfigurationList = 2912238125EEA8D500152850 /* Build configuration list for PBXNativeTarget "MLKitSmartReplyExample" */;
			buildPhases = (
				29D2E5513E5223A634CD6F20 /* [CP] Check Pods Manifest.lock */,
				2912236925EEA8D400152850 /* Sources */,
				2912236A25EEA8D400152850 /* Frameworks */,
				2912236B25EEA8D400152850 /* Resources */,
				678A351855B4BACB123F964D /* [CP] Embed Pods Frameworks */,
				232D3FC25D0AF0DFA6D8192D /* [CP] Copy Pods Resources */,
			);
			buildRules = (
			);
			dependencies = (
			);
			name = MLKitSmartReplyExample;
			productName = MLKitSmartReplyExample;
			productReference = 2912236D25EEA8D400152850 /* MLKitSmartReplyExample.app */;
			productType = "com.apple.product-type.application";
		};
/* End PBXNativeTarget section */

/* Begin PBXProject section */
		2912236525EEA8D400152850 /* Project object */ = {
			isa = PBXProject;
			attributes = {
				LastSwiftUpdateCheck = 1240;
				LastUpgradeCheck = 1240;
				TargetAttributes = {
					2912236C25EEA8D400152850 = {
						CreatedOnToolsVersion = 12.4;
					};
				};
			};
			buildConfigurationList = 2912236825EEA8D400152850 /* Build configuration list for PBXProject "MLKitSmartReplyExample" */;
			compatibilityVersion = "Xcode 9.3";
			developmentRegion = en;
			hasScannedForEncodings = 0;
			knownRegions = (
				en,
				Base,
			);
			mainGroup = 2912236425EEA8D400152850;
			productRefGroup = 2912236E25EEA8D400152850 /* Products */;
			projectDirPath = "";
			projectRoot = "";
			targets = (
				2912236C25EEA8D400152850 /* MLKitSmartReplyExample */,
			);
		};
/* End PBXProject section */

/* Begin PBXResourcesBuildPhase section */
		2912236B25EEA8D400152850 /* Resources */ = {
			isa = PBXResourcesBuildPhase;
			buildActionMask = 2147483647;
			files = (
				2912237D25EEA8D500152850 /* LaunchScreen.storyboard in Resources */,
				2912237A25EEA8D500152850 /* Assets.xcassets in Resources */,
				2912237825EEA8D400152850 /* Main.storyboard in Resources */,
			);
			runOnlyForDeploymentPostprocessing = 0;
		};
/* End PBXResourcesBuildPhase section */

/* Begin PBXShellScriptBuildPhase section */
		232D3FC25D0AF0DFA6D8192D /* [CP] Copy Pods Resources */ = {
			isa = PBXShellScriptBuildPhase;
			buildActionMask = 2147483647;
			files = (
			);
			inputFileListPaths = (
				"${PODS_ROOT}/Target Support Files/Pods-MLKitSmartReplyExample/Pods-MLKitSmartReplyExample-resources-${CONFIGURATION}-input-files.xcfilelist",
			);
			name = "[CP] Copy Pods Resources";
			outputFileListPaths = (
				"${PODS_ROOT}/Target Support Files/Pods-MLKitSmartReplyExample/Pods-MLKitSmartReplyExample-resources-${CONFIGURATION}-output-files.xcfilelist",
			);
			runOnlyForDeploymentPostprocessing = 0;
			shellPath = /bin/sh;
			shellScript = "\"${PODS_ROOT}/Target Support Files/Pods-MLKitSmartReplyExample/Pods-MLKitSmartReplyExample-resources.sh\"\n";
			showEnvVarsInLog = 0;
		};
		29D2E5513E5223A634CD6F20 /* [CP] Check Pods Manifest.lock */ = {
			isa = PBXShellScriptBuildPhase;
			buildActionMask = 2147483647;
			files = (
			);
			inputFileListPaths = (
			);
			inputPaths = (
				"${PODS_PODFILE_DIR_PATH}/Podfile.lock",
				"${PODS_ROOT}/Manifest.lock",
			);
			name = "[CP] Check Pods Manifest.lock";
			outputFileListPaths = (
			);
			outputPaths = (
				"$(DERIVED_FILE_DIR)/Pods-MLKitSmartReplyExample-checkManifestLockResult.txt",
			);
			runOnlyForDeploymentPostprocessing = 0;
			shellPath = /bin/sh;
			shellScript = "diff \"${PODS_PODFILE_DIR_PATH}/Podfile.lock\" \"${PODS_ROOT}/Manifest.lock\" > /dev/null\nif [ $? != 0 ] ; then\n    # print error to STDERR\n    echo \"error: The sandbox is not in sync with the Podfile.lock. Run 'pod install' or update your CocoaPods installation.\" >&2\n    exit 1\nfi\n# This output is used by Xcode 'outputs' to avoid re-running this script phase.\necho \"SUCCESS\" > \"${SCRIPT_OUTPUT_FILE_0}\"\n";
			showEnvVarsInLog = 0;
		};
		678A351855B4BACB123F964D /* [CP] Embed Pods Frameworks */ = {
			isa = PBXShellScriptBuildPhase;
			buildActionMask = 2147483647;
			files = (
			);
			inputFileListPaths = (
				"${PODS_ROOT}/Target Support Files/Pods-MLKitSmartReplyExample/Pods-MLKitSmartReplyExample-frameworks-${CONFIGURATION}-input-files.xcfilelist",
			);
			name = "[CP] Embed Pods Frameworks";
			outputFileListPaths = (
				"${PODS_ROOT}/Target Support Files/Pods-MLKitSmartReplyExample/Pods-MLKitSmartReplyExample-frameworks-${CONFIGURATION}-output-files.xcfilelist",
			);
			runOnlyForDeploymentPostprocessing = 0;
			shellPath = /bin/sh;
			shellScript = "\"${PODS_ROOT}/Target Support Files/Pods-MLKitSmartReplyExample/Pods-MLKitSmartReplyExample-frameworks.sh\"\n";
			showEnvVarsInLog = 0;
		};
/* End PBXShellScriptBuildPhase section */

/* Begin PBXSourcesBuildPhase section */
		2912236925EEA8D400152850 /* Sources */ = {
			isa = PBXSourcesBuildPhase;
			buildActionMask = 2147483647;
			files = (
				2912237525EEA8D400152850 /* ViewController.swift in Sources */,
				2912237125EEA8D400152850 /* AppDelegate.swift in Sources */,
				2912237325EEA8D400152850 /* SceneDelegate.swift in Sources */,
			);
			runOnlyForDeploymentPostprocessing = 0;
		};
/* End PBXSourcesBuildPhase section */

/* Begin PBXVariantGroup section */
		2912237625EEA8D400152850 /* Main.storyboard */ = {
			isa = PBXVariantGroup;
			children = (
				2912237725EEA8D400152850 /* Base */,
			);
			name = Main.storyboard;
			sourceTree = "<group>";
		};
		2912237B25EEA8D500152850 /* LaunchScreen.storyboard */ = {
			isa = PBXVariantGroup;
			children = (
				2912237C25EEA8D500152850 /* Base */,
			);
			name = LaunchScreen.storyboard;
			sourceTree = "<group>";
		};
/* End PBXVariantGroup section */

/* Begin XCBuildConfiguration section */
		2912237F25EEA8D500152850 /* Debug */ = {
			isa = XCBuildConfiguration;
			buildSettings = {
				ALWAYS_SEARCH_USER_PATHS = NO;
				CLANG_ANALYZER_NONNULL = YES;
				CLANG_ANALYZER_NUMBER_OBJECT_CONVERSION = YES_AGGRESSIVE;
				CLANG_CXX_LANGUAGE_STANDARD = "gnu++14";
				CLANG_CXX_LIBRARY = "libc++";
				CLANG_ENABLE_MODULES = YES;
				CLANG_ENABLE_OBJC_ARC = YES;
				CLANG_ENABLE_OBJC_WEAK = YES;
				CLANG_WARN_BLOCK_CAPTURE_AUTORELEASING = YES;
				CLANG_WARN_BOOL_CONVERSION = YES;
				CLANG_WARN_COMMA = YES;
				CLANG_WARN_CONSTANT_CONVERSION = YES;
				CLANG_WARN_DEPRECATED_OBJC_IMPLEMENTATIONS = YES;
				CLANG_WARN_DIRECT_OBJC_ISA_USAGE = YES_ERROR;
				CLANG_WARN_DOCUMENTATION_COMMENTS = YES;
				CLANG_WARN_EMPTY_BODY = YES;
				CLANG_WARN_ENUM_CONVERSION = YES;
				CLANG_WARN_INFINITE_RECURSION = YES;
				CLANG_WARN_INT_CONVERSION = YES;
				CLANG_WARN_NON_LITERAL_NULL_CONVERSION = YES;
				CLANG_WARN_OBJC_IMPLICIT_RETAIN_SELF = YES;
				CLANG_WARN_OBJC_LITERAL_CONVERSION = YES;
				CLANG_WARN_OBJC_ROOT_CLASS = YES_ERROR;
				CLANG_WARN_QUOTED_INCLUDE_IN_FRAMEWORK_HEADER = YES;
				CLANG_WARN_RANGE_LOOP_ANALYSIS = YES;
				CLANG_WARN_STRICT_PROTOTYPES = YES;
				CLANG_WARN_SUSPICIOUS_MOVE = YES;
				CLANG_WARN_UNGUARDED_AVAILABILITY = YES_AGGRESSIVE;
				CLANG_WARN_UNREACHABLE_CODE = YES;
				CLANG_WARN__DUPLICATE_METHOD_MATCH = YES;
				COPY_PHASE_STRIP = NO;
				DEBUG_INFORMATION_FORMAT = dwarf;
				ENABLE_STRICT_OBJC_MSGSEND = YES;
				ENABLE_TESTABILITY = YES;
				GCC_C_LANGUAGE_STANDARD = gnu11;
				GCC_DYNAMIC_NO_PIC = NO;
				GCC_NO_COMMON_BLOCKS = YES;
				GCC_OPTIMIZATION_LEVEL = 0;
				GCC_PREPROCESSOR_DEFINITIONS = (
					"DEBUG=1",
					"$(inherited)",
				);
				GCC_WARN_64_TO_32_BIT_CONVERSION = YES;
				GCC_WARN_ABOUT_RETURN_TYPE = YES_ERROR;
				GCC_WARN_UNDECLARED_SELECTOR = YES;
				GCC_WARN_UNINITIALIZED_AUTOS = YES_AGGRESSIVE;
				GCC_WARN_UNUSED_FUNCTION = YES;
				GCC_WARN_UNUSED_VARIABLE = YES;
				IPHONEOS_DEPLOYMENT_TARGET = 14.4;
				MTL_ENABLE_DEBUG_INFO = INCLUDE_SOURCE;
				MTL_FAST_MATH = YES;
				ONLY_ACTIVE_ARCH = YES;
				SDKROOT = iphoneos;
				SWIFT_ACTIVE_COMPILATION_CONDITIONS = DEBUG;
				SWIFT_OPTIMIZATION_LEVEL = "-Onone";
			};
			name = Debug;
		};
		2912238025EEA8D500152850 /* Release */ = {
			isa = XCBuildConfiguration;
			buildSettings = {
				ALWAYS_SEARCH_USER_PATHS = NO;
				CLANG_ANALYZER_NONNULL = YES;
				CLANG_ANALYZER_NUMBER_OBJECT_CONVERSION = YES_AGGRESSIVE;
				CLANG_CXX_LANGUAGE_STANDARD = "gnu++14";
				CLANG_CXX_LIBRARY = "libc++";
				CLANG_ENABLE_MODULES = YES;
				CLANG_ENABLE_OBJC_ARC = YES;
				CLANG_ENABLE_OBJC_WEAK = YES;
				CLANG_WARN_BLOCK_CAPTURE_AUTORELEASING = YES;
				CLANG_WARN_BOOL_CONVERSION = YES;
				CLANG_WARN_COMMA = YES;
				CLANG_WARN_CONSTANT_CONVERSION = YES;
				CLANG_WARN_DEPRECATED_OBJC_IMPLEMENTATIONS = YES;
				CLANG_WARN_DIRECT_OBJC_ISA_USAGE = YES_ERROR;
				CLANG_WARN_DOCUMENTATION_COMMENTS = YES;
				CLANG_WARN_EMPTY_BODY = YES;
				CLANG_WARN_ENUM_CONVERSION = YES;
				CLANG_WARN_INFINITE_RECURSION = YES;
				CLANG_WARN_INT_CONVERSION = YES;
				CLANG_WARN_NON_LITERAL_NULL_CONVERSION = YES;
				CLANG_WARN_OBJC_IMPLICIT_RETAIN_SELF = YES;
				CLANG_WARN_OBJC_LITERAL_CONVERSION = YES;
				CLANG_WARN_OBJC_ROOT_CLASS = YES_ERROR;
				CLANG_WARN_QUOTED_INCLUDE_IN_FRAMEWORK_HEADER = YES;
				CLANG_WARN_RANGE_LOOP_ANALYSIS = YES;
				CLANG_WARN_STRICT_PROTOTYPES = YES;
				CLANG_WARN_SUSPICIOUS_MOVE = YES;
				CLANG_WARN_UNGUARDED_AVAILABILITY = YES_AGGRESSIVE;
				CLANG_WARN_UNREACHABLE_CODE = YES;
				CLANG_WARN__DUPLICATE_METHOD_MATCH = YES;
				COPY_PHASE_STRIP = NO;
				DEBUG_INFORMATION_FORMAT = "dwarf-with-dsym";
				ENABLE_NS_ASSERTIONS = NO;
				ENABLE_STRICT_OBJC_MSGSEND = YES;
				GCC_C_LANGUAGE_STANDARD = gnu11;
				GCC_NO_COMMON_BLOCKS = YES;
				GCC_WARN_64_TO_32_BIT_CONVERSION = YES;
				GCC_WARN_ABOUT_RETURN_TYPE = YES_ERROR;
				GCC_WARN_UNDECLARED_SELECTOR = YES;
				GCC_WARN_UNINITIALIZED_AUTOS = YES_AGGRESSIVE;
				GCC_WARN_UNUSED_FUNCTION = YES;
				GCC_WARN_UNUSED_VARIABLE = YES;
				IPHONEOS_DEPLOYMENT_TARGET = 14.4;
				MTL_ENABLE_DEBUG_INFO = NO;
				MTL_FAST_MATH = YES;
				SDKROOT = iphoneos;
				SWIFT_COMPILATION_MODE = wholemodule;
				SWIFT_OPTIMIZATION_LEVEL = "-O";
				VALIDATE_PRODUCT = YES;
			};
			name = Release;
		};
		2912238225EEA8D500152850 /* Debug */ = {
			isa = XCBuildConfiguration;
			baseConfigurationReference = FE3662B89756A6BA33C1B47C /* Pods-MLKitSmartReplyExample.debug.xcconfig */;
			buildSettings = {
				ASSETCATALOG_COMPILER_APPICON_NAME = AppIcon;
				ASSETCATALOG_COMPILER_GLOBAL_ACCENT_COLOR_NAME = AccentColor;
				CODE_SIGN_STYLE = Automatic;
				DEVELOPMENT_TEAM = 3SYVH3Y259;
				INFOPLIST_FILE = MLKitSmartReplyExample/Info.plist;
				LD_RUNPATH_SEARCH_PATHS = (
					"$(inherited)",
					"@executable_path/Frameworks",
				);
				PRODUCT_BUNDLE_IDENTIFIER = com.lmoroney.odmlbook.MLKitSmartReplyExample;
				PRODUCT_NAME = "$(TARGET_NAME)";
				SWIFT_VERSION = 5.0;
				TARGETED_DEVICE_FAMILY = "1,2";
			};
			name = Debug;
		};
		2912238325EEA8D500152850 /* Release */ = {
			isa = XCBuildConfiguration;
			baseConfigurationReference = 1335D8FC30DC63271DCEA49E /* Pods-MLKitSmartReplyExample.release.xcconfig */;
			buildSettings = {
				ASSETCATALOG_COMPILER_APPICON_NAME = AppIcon;
				ASSETCATALOG_COMPILER_GLOBAL_ACCENT_COLOR_NAME = AccentColor;
				CODE_SIGN_STYLE = Automatic;
				DEVELOPMENT_TEAM = 3SYVH3Y259;
				INFOPLIST_FILE = MLKitSmartReplyExample/Info.plist;
				LD_RUNPATH_SEARCH_PATHS = (
					"$(inherited)",
					"@executable_path/Frameworks",
				);
				PRODUCT_BUNDLE_IDENTIFIER = com.lmoroney.odmlbook.MLKitSmartReplyExample;
				PRODUCT_NAME = "$(TARGET_NAME)";
				SWIFT_VERSION = 5.0;
				TARGETED_DEVICE_FAMILY = "1,2";
			};
			name = Release;
		};
/* End XCBuildConfiguration section */

/* Begin XCConfigurationList section */
		2912236825EEA8D400152850 /* Build configuration list for PBXProject "MLKitSmartReplyExample" */ = {
			isa = XCConfigurationList;
			buildConfigurations = (
				2912237F25EEA8D500152850 /* Debug */,
				2912238025EEA8D500152850 /* Release */,
			);
			defaultConfigurationIsVisible = 0;
			defaultConfigurationName = Release;
		};
		2912238125EEA8D500152850 /* Build configuration list for PBXNativeTarget "MLKitSmartReplyExample" */ = {
			isa = XCConfigurationList;
			buildConfigurations = (
				2912238225EEA8D500152850 /* Debug */,
				2912238325EEA8D500152850 /* Release */,
			);
			defaultConfigurationIsVisible = 0;
			defaultConfigurationName = Release;
		};
/* End XCConfigurationList section */
	};
	rootObject = 2912236525EEA8D400152850 /* Project object */;
}
